
Microsoft Visual Studio Solution File, Format Version 12.00
# Visual Studio Version 17
VisualStudioVersion = 17.5.33530.505
MinimumVisualStudioVersion = 10.0.40219.1
Project("{9A19103F-16F7-4668-BE54-9A1E7A4F7556}") = "PersonsInfo", "Salary\PersonsInfo.csproj", "{DBF2C889-A270-4043-ABEB-0C5F0663375C}"
EndProject
Global
	GlobalSection(SolutionConfigurationPlatforms) = preSolution
		Debug|Any CPU = Debug|Any CPU
		Release|Any CPU = Release|Any CPU
	EndGlobalSection
	GlobalSection(ProjectConfigurationPlatforms) = postSolution
		{DBF2C889-A270-4043-ABEB-0C5F0663375C}.Debug|Any CPU.ActiveCfg = Debug|Any CPU
		{DBF2C889-A270-4043-ABEB-0C5F0663375C}.Debug|Any CPU.Build.0 = Debug|Any CPU
		{DBF2C889-A270-4043-ABEB-0C5F0663375C}.Release|Any CPU.ActiveCfg = Release|Any CPU
		{DBF2C889-A270-4043-ABEB-0C5F0663375C}.Release|Any CPU.Build.0 = Release|Any CPU
	EndGlobalSection
	GlobalSection(SolutionProperties) = preSolution
		HideSolutionNode = FALSE
	EndGlobalSection
	GlobalSection(ExtensibilityGlobals) = postSolution
		SolutionGuid = {DFE1982C-8CE5-4D78-A2EB-36E496715B84}
	EndGlobalSection
EndGlobal
