
Microsoft Visual Studio Solution File, Format Version 12.00
# Visual Studio Version 17
VisualStudioVersion = 17.5.33530.505
MinimumVisualStudioVersion = 10.0.40219.1
Project("{FAE04EC0-301F-11D3-BF4B-00C04F79EFBC}") = "Shapes", "Shapes\Shapes.csproj", "{DAE3F364-F27D-438B-8310-FF55381B6F83}"
EndProject
Project("{FAE04EC0-301F-11D3-BF4B-00C04F79EFBC}") = "Cars", "..\Cars\Cars.csproj", "{C5822CE7-9519-4939-B872-6EA8A97BBD16}"
EndProject
Global
	GlobalSection(SolutionConfigurationPlatforms) = preSolution
		Debug|Any CPU = Debug|Any CPU
		Release|Any CPU = Release|Any CPU
	EndGlobalSection
	GlobalSection(ProjectConfigurationPlatforms) = postSolution
		{DAE3F364-F27D-438B-8310-FF55381B6F83}.Debug|Any CPU.ActiveCfg = Debug|Any CPU
		{DAE3F364-F27D-438B-8310-FF55381B6F83}.Debug|Any CPU.Build.0 = Debug|Any CPU
		{DAE3F364-F27D-438B-8310-FF55381B6F83}.Release|Any CPU.ActiveCfg = Release|Any CPU
		{DAE3F364-F27D-438B-8310-FF55381B6F83}.Release|Any CPU.Build.0 = Release|Any CPU
		{C5822CE7-9519-4939-B872-6EA8A97BBD16}.Debug|Any CPU.ActiveCfg = Debug|Any CPU
		{C5822CE7-9519-4939-B872-6EA8A97BBD16}.Debug|Any CPU.Build.0 = Debug|Any CPU
		{C5822CE7-9519-4939-B872-6EA8A97BBD16}.Release|Any CPU.ActiveCfg = Release|Any CPU
		{C5822CE7-9519-4939-B872-6EA8A97BBD16}.Release|Any CPU.Build.0 = Release|Any CPU
	EndGlobalSection
	GlobalSection(SolutionProperties) = preSolution
		HideSolutionNode = FALSE
	EndGlobalSection
	GlobalSection(ExtensibilityGlobals) = postSolution
		SolutionGuid = {78215D95-B708-416F-B00C-BAEE2ECF5B64}
	EndGlobalSection
EndGlobal
