
Microsoft Visual Studio Solution File, Format Version 12.00
# Visual Studio Version 17
VisualStudioVersion = 17.5.33530.505
MinimumVisualStudioVersion = 10.0.40219.1
Project("{9A19103F-16F7-4668-BE54-9A1E7A4F7556}") = "Stealer", "Stealer\Stealer.csproj", "{A7C3F8BB-B876-4216-878F-36A83C1698EE}"
EndProject
Project("{FAE04EC0-301F-11D3-BF4B-00C04F79EFBC}") = "Steal", "..\..\04. Collector\Steal\Steal.csproj", "{58F7EBD7-CBE1-48A6-A2A1-6A604CC80904}"
EndProject
Project("{FAE04EC0-301F-11D3-BF4B-00C04F79EFBC}") = "AuthorProblem", "..\..\05. Create Attribute\AuthorProblem\AuthorProblem.csproj", "{19FFE9C0-0051-4C96-AF3C-E07068B0AE53}"
EndProject
Global
	GlobalSection(SolutionConfigurationPlatforms) = preSolution
		Debug|Any CPU = Debug|Any CPU
		Release|Any CPU = Release|Any CPU
	EndGlobalSection
	GlobalSection(ProjectConfigurationPlatforms) = postSolution
		{A7C3F8BB-B876-4216-878F-36A83C1698EE}.Debug|Any CPU.ActiveCfg = Debug|Any CPU
		{A7C3F8BB-B876-4216-878F-36A83C1698EE}.Debug|Any CPU.Build.0 = Debug|Any CPU
		{A7C3F8BB-B876-4216-878F-36A83C1698EE}.Release|Any CPU.ActiveCfg = Release|Any CPU
		{A7C3F8BB-B876-4216-878F-36A83C1698EE}.Release|Any CPU.Build.0 = Release|Any CPU
		{58F7EBD7-CBE1-48A6-A2A1-6A604CC80904}.Debug|Any CPU.ActiveCfg = Debug|Any CPU
		{58F7EBD7-CBE1-48A6-A2A1-6A604CC80904}.Debug|Any CPU.Build.0 = Debug|Any CPU
		{58F7EBD7-CBE1-48A6-A2A1-6A604CC80904}.Release|Any CPU.ActiveCfg = Release|Any CPU
		{58F7EBD7-CBE1-48A6-A2A1-6A604CC80904}.Release|Any CPU.Build.0 = Release|Any CPU
		{19FFE9C0-0051-4C96-AF3C-E07068B0AE53}.Debug|Any CPU.ActiveCfg = Debug|Any CPU
		{19FFE9C0-0051-4C96-AF3C-E07068B0AE53}.Debug|Any CPU.Build.0 = Debug|Any CPU
		{19FFE9C0-0051-4C96-AF3C-E07068B0AE53}.Release|Any CPU.ActiveCfg = Release|Any CPU
		{19FFE9C0-0051-4C96-AF3C-E07068B0AE53}.Release|Any CPU.Build.0 = Release|Any CPU
	EndGlobalSection
	GlobalSection(SolutionProperties) = preSolution
		HideSolutionNode = FALSE
	EndGlobalSection
	GlobalSection(ExtensibilityGlobals) = postSolution
		SolutionGuid = {7DCD5A8D-0BE5-4116-8204-5BDDF06878B7}
	EndGlobalSection
EndGlobal
