
Microsoft Visual Studio Solution File, Format Version 12.00
# Visual Studio Version 17
VisualStudioVersion = 17.5.33530.505
MinimumVisualStudioVersion = 10.0.40219.1
Project("{FAE04EC0-301F-11D3-BF4B-00C04F79EFBC}") = "Team", "Team\Team.csproj", "{86813029-DA74-451D-AC1B-B4B15DBC54F8}"
EndProject
Global
	GlobalSection(SolutionConfigurationPlatforms) = preSolution
		Debug|Any CPU = Debug|Any CPU
		Release|Any CPU = Release|Any CPU
	EndGlobalSection
	GlobalSection(ProjectConfigurationPlatforms) = postSolution
		{86813029-DA74-451D-AC1B-B4B15DBC54F8}.Debug|Any CPU.ActiveCfg = Debug|Any CPU
		{86813029-DA74-451D-AC1B-B4B15DBC54F8}.Debug|Any CPU.Build.0 = Debug|Any CPU
		{86813029-DA74-451D-AC1B-B4B15DBC54F8}.Release|Any CPU.ActiveCfg = Release|Any CPU
		{86813029-DA74-451D-AC1B-B4B15DBC54F8}.Release|Any CPU.Build.0 = Release|Any CPU
	EndGlobalSection
	GlobalSection(SolutionProperties) = preSolution
		HideSolutionNode = FALSE
	EndGlobalSection
	GlobalSection(ExtensibilityGlobals) = postSolution
		SolutionGuid = {081F7BA3-A645-4E4A-8ED7-6A3CD9398AD4}
	EndGlobalSection
EndGlobal
