
Microsoft Visual Studio Solution File, Format Version 12.00
# Visual Studio Version 17
VisualStudioVersion = 17.5.33530.505
MinimumVisualStudioVersion = 10.0.40219.1
Project("{FAE04EC0-301F-11D3-BF4B-00C04F79EFBC}") = "WildFarm", "WildFarm\WildFarm.csproj", "{9E9C8067-30A6-4117-BCC6-B2A1E6C92C99}"
EndProject
Global
	GlobalSection(SolutionConfigurationPlatforms) = preSolution
		Debug|Any CPU = Debug|Any CPU
		Release|Any CPU = Release|Any CPU
	EndGlobalSection
	GlobalSection(ProjectConfigurationPlatforms) = postSolution
		{9E9C8067-30A6-4117-BCC6-B2A1E6C92C99}.Debug|Any CPU.ActiveCfg = Debug|Any CPU
		{9E9C8067-30A6-4117-BCC6-B2A1E6C92C99}.Debug|Any CPU.Build.0 = Debug|Any CPU
		{9E9C8067-30A6-4117-BCC6-B2A1E6C92C99}.Release|Any CPU.ActiveCfg = Release|Any CPU
		{9E9C8067-30A6-4117-BCC6-B2A1E6C92C99}.Release|Any CPU.Build.0 = Release|Any CPU
	EndGlobalSection
	GlobalSection(SolutionProperties) = preSolution
		HideSolutionNode = FALSE
	EndGlobalSection
	GlobalSection(ExtensibilityGlobals) = postSolution
		SolutionGuid = {2AAE3F05-6600-48C8-A20D-28697B45EAD2}
	EndGlobalSection
EndGlobal
