
Microsoft Visual Studio Solution File, Format Version 12.00
# Visual Studio Version 17
VisualStudioVersion = 17.5.33530.505
MinimumVisualStudioVersion = 10.0.40219.1
Project("{FAE04EC0-301F-11D3-BF4B-00C04F79EFBC}") = "ShoppingSpree", "ShoppingSpree\ShoppingSpree.csproj", "{5866B89C-D8A1-4D6E-A091-854C6A4EBC94}"
EndProject
Project("{FAE04EC0-301F-11D3-BF4B-00C04F79EFBC}") = "PizzaCalories", "..\PizzaCalories\PizzaCalories.csproj", "{B1F025B3-0E01-409D-BD07-87DE40F186FD}"
EndProject
Global
	GlobalSection(SolutionConfigurationPlatforms) = preSolution
		Debug|Any CPU = Debug|Any CPU
		Release|Any CPU = Release|Any CPU
	EndGlobalSection
	GlobalSection(ProjectConfigurationPlatforms) = postSolution
		{5866B89C-D8A1-4D6E-A091-854C6A4EBC94}.Debug|Any CPU.ActiveCfg = Debug|Any CPU
		{5866B89C-D8A1-4D6E-A091-854C6A4EBC94}.Debug|Any CPU.Build.0 = Debug|Any CPU
		{5866B89C-D8A1-4D6E-A091-854C6A4EBC94}.Release|Any CPU.ActiveCfg = Release|Any CPU
		{5866B89C-D8A1-4D6E-A091-854C6A4EBC94}.Release|Any CPU.Build.0 = Release|Any CPU
		{B1F025B3-0E01-409D-BD07-87DE40F186FD}.Debug|Any CPU.ActiveCfg = Debug|Any CPU
		{B1F025B3-0E01-409D-BD07-87DE40F186FD}.Debug|Any CPU.Build.0 = Debug|Any CPU
		{B1F025B3-0E01-409D-BD07-87DE40F186FD}.Release|Any CPU.ActiveCfg = Release|Any CPU
		{B1F025B3-0E01-409D-BD07-87DE40F186FD}.Release|Any CPU.Build.0 = Release|Any CPU
	EndGlobalSection
	GlobalSection(SolutionProperties) = preSolution
		HideSolutionNode = FALSE
	EndGlobalSection
	GlobalSection(ExtensibilityGlobals) = postSolution
		SolutionGuid = {16ACFC52-AB94-429D-A7C5-6266AF0BA7D8}
	EndGlobalSection
EndGlobal
